// !$*UTF8*$!
{
	archiveVersion = 1;
	classes = {
	};
	objectVersion = 56;
	objects = {

/* Begin PBXBuildFile section */
		18927BD62E3F2AC000978D75 /* AppDelegate.swift in Sources */ = {isa = PBXBuildFile; fileRef = 18927BD52E3F2AC000978D75 /* AppDelegate.swift */; };
		18927BD82E3F2AC000978D75 /* SceneDelegate.swift in Sources */ = {isa = PBXBuildFile; fileRef = 18927BD72E3F2AC000978D75 /* SceneDelegate.swift */; };
		18927BDA2E3F2AC000978D75 /* ViewController.swift in Sources */ = {isa = PBXBuildFile; fileRef = 18927BD92E3F2AC000978D75 /* ViewController.swift */; };
		18927BDD2E3F2AC000978D75 /* Main.storyboard in Resources */ = {isa = PBXBuildFile; fileRef = 18927BDB2E3F2AC000978D75 /* Main.storyboard */; };
		18927BDF2E3F2AC300978D75 /* Assets.xcassets in Resources */ = {isa = PBXBuildFile; fileRef = 18927BDE2E3F2AC300978D75 /* Assets.xcassets */; };
		18927BE22E3F2AC300978D75 /* LaunchScreen.storyboard in Resources */ = {isa = PBXBuildFile; fileRef = 18927BE02E3F2AC300978D75 /* LaunchScreen.storyboard */; };
		18927BEB2E3F2B3D00978D75 /* LeaderboardTableViewCell.swift in Sources */ = {isa = PBXBuildFile; fileRef = 18927BE92E3F2B3D00978D75 /* LeaderboardTableViewCell.swift */; };
		18927BEC2E3F2B3D00978D75 /* LeaderboardTableViewCell.xib in Resources */ = {isa = PBXBuildFile; fileRef = 18927BEA2E3F2B3D00978D75 /* LeaderboardTableViewCell.xib */; };
		18927BEE2E3F2B9C00978D75 /* Players.swift in Sources */ = {isa = PBXBuildFile; fileRef = 18927BED2E3F2B9C00978D75 /* Players.swift */; };
		18927BF02E3F2BDC00978D75 /* LeaderboardViewModel.swift in Sources */ = {isa = PBXBuildFile; fileRef = 18927BEF2E3F2BDB00978D75 /* LeaderboardViewModel.swift */; };
/* End PBXBuildFile section */

/* Begin PBXFileReference section */
		18927BD22E3F2AC000978D75 /* StickyTableDemo.app */ = {isa = PBXFileReference; explicitFileType = wrapper.application; includeInIndex = 0; path = StickyTableDemo.app; sourceTree = BUILT_PRODUCTS_DIR; };
		18927BD52E3F2AC000978D75 /* AppDelegate.swift */ = {isa = PBXFileReference; lastKnownFileType = sourcecode.swift; path = AppDelegate.swift; sourceTree = "<group>"; };
		18927BD72E3F2AC000978D75 /* SceneDelegate.swift */ = {isa = PBXFileReference; lastKnownFileType = sourcecode.swift; path = SceneDelegate.swift; sourceTree = "<group>"; };
		18927BD92E3F2AC000978D75 /* ViewController.swift */ = {isa = PBXFileReference; lastKnownFileType = sourcecode.swift; path = ViewController.swift; sourceTree = "<group>"; };
		18927BDC2E3F2AC000978D75 /* Base */ = {isa = PBXFileReference; lastKnownFileType = file.storyboard; name = Base; path = Base.lproj/Main.storyboard; sourceTree = "<group>"; };
		18927BDE2E3F2AC300978D75 /* Assets.xcassets */ = {isa = PBXFileReference; lastKnownFileType = folder.assetcatalog; path = Assets.xcassets; sourceTree = "<group>"; };
		18927BE12E3F2AC300978D75 /* Base */ = {isa = PBXFileReference; lastKnownFileType = file.storyboard; name = Base; path = Base.lproj/LaunchScreen.storyboard; sourceTree = "<group>"; };
		18927BE32E3F2AC300978D75 /* Info.plist */ = {isa = PBXFileReference; lastKnownFileType = text.plist.xml; path = Info.plist; sourceTree = "<group>"; };
		18927BE92E3F2B3D00978D75 /* LeaderboardTableViewCell.swift */ = {isa = PBXFileReference; lastKnownFileType = sourcecode.swift; path = LeaderboardTableViewCell.swift; sourceTree = "<group>"; };
		18927BEA2E3F2B3D00978D75 /* LeaderboardTableViewCell.xib */ = {isa = PBXFileReference; lastKnownFileType = file.xib; path = LeaderboardTableViewCell.xib; sourceTree = "<group>"; };
		18927BED2E3F2B9C00978D75 /* Players.swift */ = {isa = PBXFileReference; fileEncoding = 4; lastKnownFileType = sourcecode.swift; path = Players.swift; sourceTree = "<group>"; };
		18927BEF2E3F2BDB00978D75 /* LeaderboardViewModel.swift */ = {isa = PBXFileReference; fileEncoding = 4; lastKnownFileType = sourcecode.swift; path = LeaderboardViewModel.swift; sourceTree = "<group>"; };
/* End PBXFileReference section */

/* Begin PBXFrameworksBuildPhase section */
		18927BCF2E3F2AC000978D75 /* Frameworks */ = {
			isa = PBXFrameworksBuildPhase;
			buildActionMask = 2147483647;
			files = (
			);
			runOnlyForDeploymentPostprocessing = 0;
		};
/* End PBXFrameworksBuildPhase section */

/* Begin PBXGroup section */
		18927BC92E3F2AC000978D75 = {
			isa = PBXGroup;
			children = (
				18927BD42E3F2AC000978D75 /* StickyTableDemo */,
				18927BD32E3F2AC000978D75 /* Products */,
			);
			sourceTree = "<group>";
		};
		18927BD32E3F2AC000978D75 /* Products */ = {
			isa = PBXGroup;
			children = (
				18927BD22E3F2AC000978D75 /* StickyTableDemo.app */,
			);
			name = Products;
			sourceTree = "<group>";
		};
		18927BD42E3F2AC000978D75 /* StickyTableDemo */ = {
			isa = PBXGroup;
			children = (
				18927BD52E3F2AC000978D75 /* AppDelegate.swift */,
				18927BD72E3F2AC000978D75 /* SceneDelegate.swift */,
				18927BEF2E3F2BDB00978D75 /* LeaderboardViewModel.swift */,
				18927BED2E3F2B9C00978D75 /* Players.swift */,
				18927BD92E3F2AC000978D75 /* ViewController.swift */,
				18927BE92E3F2B3D00978D75 /* LeaderboardTableViewCell.swift */,
				18927BEA2E3F2B3D00978D75 /* LeaderboardTableViewCell.xib */,
				18927BDB2E3F2AC000978D75 /* Main.storyboard */,
				18927BDE2E3F2AC300978D75 /* Assets.xcassets */,
				18927BE02E3F2AC300978D75 /* LaunchScreen.storyboard */,
				18927BE32E3F2AC300978D75 /* Info.plist */,
			);
			path = StickyTableDemo;
			sourceTree = "<group>";
		};
/* End PBXGroup section */

/* Begin PBXNativeTarget section */
		18927BD12E3F2AC000978D75 /* StickyTableDemo */ = {
			isa = PBXNativeTarget;
			buildConfigurationList = 18927BE62E3F2AC300978D75 /* Build configuration list for PBXNativeTarget "StickyTableDemo" */;
			buildPhases = (
				18927BCE2E3F2AC000978D75 /* Sources */,
				18927BCF2E3F2AC000978D75 /* Frameworks */,
				18927BD02E3F2AC000978D75 /* Resources */,
			);
			buildRules = (
			);
			dependencies = (
			);
			name = StickyTableDemo;
			productName = StickyTableDemo;
			productReference = 18927BD22E3F2AC000978D75 /* StickyTableDemo.app */;
			productType = "com.apple.product-type.application";
		};
/* End PBXNativeTarget section */

/* Begin PBXProject section */
		18927BCA2E3F2AC000978D75 /* Project object */ = {
			isa = PBXProject;
			attributes = {
				BuildIndependentTargetsInParallel = 1;
				LastSwiftUpdateCheck = 1500;
				LastUpgradeCheck = 1500;
				TargetAttributes = {
					18927BD12E3F2AC000978D75 = {
						CreatedOnToolsVersion = 15.0;
					};
				};
			};
			buildConfigurationList = 18927BCD2E3F2AC000978D75 /* Build configuration list for PBXProject "StickyTableDemo" */;
			compatibilityVersion = "Xcode 14.0";
			developmentRegion = en;
			hasScannedForEncodings = 0;
			knownRegions = (
				en,
				Base,
			);
			mainGroup = 18927BC92E3F2AC000978D75;
			productRefGroup = 18927BD32E3F2AC000978D75 /* Products */;
			projectDirPath = "";
			projectRoot = "";
			targets = (
				18927BD12E3F2AC000978D75 /* StickyTableDemo */,
			);
		};
/* End PBXProject section */

/* Begin PBXResourcesBuildPhase section */
		18927BD02E3F2AC000978D75 /* Resources */ = {
			isa = PBXResourcesBuildPhase;
			buildActionMask = 2147483647;
			files = (
				18927BE22E3F2AC300978D75 /* LaunchScreen.storyboard in Resources */,
				18927BEC2E3F2B3D00978D75 /* LeaderboardTableViewCell.xib in Resources */,
				18927BDF2E3F2AC300978D75 /* Assets.xcassets in Resources */,
				18927BDD2E3F2AC000978D75 /* Main.storyboard in Resources */,
			);
			runOnlyForDeploymentPostprocessing = 0;
		};
/* End PBXResourcesBuildPhase section */

/* Begin PBXSourcesBuildPhase section */
		18927BCE2E3F2AC000978D75 /* Sources */ = {
			isa = PBXSourcesBuildPhase;
			buildActionMask = 2147483647;
			files = (
				18927BDA2E3F2AC000978D75 /* ViewController.swift in Sources */,
				18927BEE2E3F2B9C00978D75 /* Players.swift in Sources */,
				18927BEB2E3F2B3D00978D75 /* LeaderboardTableViewCell.swift in Sources */,
				18927BD62E3F2AC000978D75 /* AppDelegate.swift in Sources */,
				18927BF02E3F2BDC00978D75 /* LeaderboardViewModel.swift in Sources */,
				18927BD82E3F2AC000978D75 /* SceneDelegate.swift in Sources */,
			);
			runOnlyForDeploymentPostprocessing = 0;
		};
/* End PBXSourcesBuildPhase section */

/* Begin PBXVariantGroup section */
		18927BDB2E3F2AC000978D75 /* Main.storyboard */ = {
			isa = PBXVariantGroup;
			children = (
				18927BDC2E3F2AC000978D75 /* Base */,
			);
			name = Main.storyboard;
			sourceTree = "<group>";
		};
		18927BE02E3F2AC300978D75 /* LaunchScreen.storyboard */ = {
			isa = PBXVariantGroup;
			children = (
				18927BE12E3F2AC300978D75 /* Base */,
			);
			name = LaunchScreen.storyboard;
			sourceTree = "<group>";
		};
/* End PBXVariantGroup section */

/* Begin XCBuildConfiguration section */
		18927BE42E3F2AC300978D75 /* Debug */ = {
			isa = XCBuildConfiguration;
			buildSettings = {
				ALWAYS_SEARCH_USER_PATHS = NO;
				ASSETCATALOG_COMPILER_GENERATE_SWIFT_ASSET_SYMBOL_EXTENSIONS = YES;
				CLANG_ANALYZER_NONNULL = YES;
				CLANG_ANALYZER_NUMBER_OBJECT_CONVERSION = YES_AGGRESSIVE;
				CLANG_CXX_LANGUAGE_STANDARD = "gnu++20";
				CLANG_ENABLE_MODULES = YES;
				CLANG_ENABLE_OBJC_ARC = YES;
				CLANG_ENABLE_OBJC_WEAK = YES;
				CLANG_WARN_BLOCK_CAPTURE_AUTORELEASING = YES;
				CLANG_WARN_BOOL_CONVERSION = YES;
				CLANG_WARN_COMMA = YES;
				CLANG_WARN_CONSTANT_CONVERSION = YES;
				CLANG_WARN_DEPRECATED_OBJC_IMPLEMENTATIONS = YES;
				CLANG_WARN_DIRECT_OBJC_ISA_USAGE = YES_ERROR;
				CLANG_WARN_DOCUMENTATION_COMMENTS = YES;
				CLANG_WARN_EMPTY_BODY = YES;
				CLANG_WARN_ENUM_CONVERSION = YES;
				CLANG_WARN_INFINITE_RECURSION = YES;
				CLANG_WARN_INT_CONVERSION = YES;
				CLANG_WARN_NON_LITERAL_NULL_CONVERSION = YES;
				CLANG_WARN_OBJC_IMPLICIT_RETAIN_SELF = YES;
				CLANG_WARN_OBJC_LITERAL_CONVERSION = YES;
				CLANG_WARN_OBJC_ROOT_CLASS = YES_ERROR;
				CLANG_WARN_QUOTED_INCLUDE_IN_FRAMEWORK_HEADER = YES;
				CLANG_WARN_RANGE_LOOP_ANALYSIS = YES;
				CLANG_WARN_STRICT_PROTOTYPES = YES;
				CLANG_WARN_SUSPICIOUS_MOVE = YES;
				CLANG_WARN_UNGUARDED_AVAILABILITY = YES_AGGRESSIVE;
				CLANG_WARN_UNREACHABLE_CODE = YES;
				CLANG_WARN__DUPLICATE_METHOD_MATCH = YES;
				COPY_PHASE_STRIP = NO;
				DEBUG_INFORMATION_FORMAT = dwarf;
				ENABLE_STRICT_OBJC_MSGSEND = YES;
				ENABLE_TESTABILITY = YES;
				ENABLE_USER_SCRIPT_SANDBOXING = YES;
				GCC_C_LANGUAGE_STANDARD = gnu17;
				GCC_DYNAMIC_NO_PIC = NO;
				GCC_NO_COMMON_BLOCKS = YES;
				GCC_OPTIMIZATION_LEVEL = 0;
				GCC_PREPROCESSOR_DEFINITIONS = (
					"DEBUG=1",
					"$(inherited)",
				);
				GCC_WARN_64_TO_32_BIT_CONVERSION = YES;
				GCC_WARN_ABOUT_RETURN_TYPE = YES_ERROR;
				GCC_WARN_UNDECLARED_SELECTOR = YES;
				GCC_WARN_UNINITIALIZED_AUTOS = YES_AGGRESSIVE;
				GCC_WARN_UNUSED_FUNCTION = YES;
				GCC_WARN_UNUSED_VARIABLE = YES;
				IPHONEOS_DEPLOYMENT_TARGET = 17.0;
				LOCALIZATION_PREFERS_STRING_CATALOGS = YES;
				MTL_ENABLE_DEBUG_INFO = INCLUDE_SOURCE;
				MTL_FAST_MATH = YES;
				ONLY_ACTIVE_ARCH = YES;
				SDKROOT = iphoneos;
				SWIFT_ACTIVE_COMPILATION_CONDITIONS = "DEBUG $(inherited)";
				SWIFT_OPTIMIZATION_LEVEL = "-Onone";
			};
			name = Debug;
		};
		18927BE52E3F2AC300978D75 /* Release */ = {
			isa = XCBuildConfiguration;
			buildSettings = {
				ALWAYS_SEARCH_USER_PATHS = NO;
				ASSETCATALOG_COMPILER_GENERATE_SWIFT_ASSET_SYMBOL_EXTENSIONS = YES;
				CLANG_ANALYZER_NONNULL = YES;
				CLANG_ANALYZER_NUMBER_OBJECT_CONVERSION = YES_AGGRESSIVE;
				CLANG_CXX_LANGUAGE_STANDARD = "gnu++20";
				CLANG_ENABLE_MODULES = YES;
				CLANG_ENABLE_OBJC_ARC = YES;
				CLANG_ENABLE_OBJC_WEAK = YES;
				CLANG_WARN_BLOCK_CAPTURE_AUTORELEASING = YES;
				CLANG_WARN_BOOL_CONVERSION = YES;
				CLANG_WARN_COMMA = YES;
				CLANG_WARN_CONSTANT_CONVERSION = YES;
				CLANG_WARN_DEPRECATED_OBJC_IMPLEMENTATIONS = YES;
				CLANG_WARN_DIRECT_OBJC_ISA_USAGE = YES_ERROR;
				CLANG_WARN_DOCUMENTATION_COMMENTS = YES;
				CLANG_WARN_EMPTY_BODY = YES;
				CLANG_WARN_ENUM_CONVERSION = YES;
				CLANG_WARN_INFINITE_RECURSION = YES;
				CLANG_WARN_INT_CONVERSION = YES;
				CLANG_WARN_NON_LITERAL_NULL_CONVERSION = YES;
				CLANG_WARN_OBJC_IMPLICIT_RETAIN_SELF = YES;
				CLANG_WARN_OBJC_LITERAL_CONVERSION = YES;
				CLANG_WARN_OBJC_ROOT_CLASS = YES_ERROR;
				CLANG_WARN_QUOTED_INCLUDE_IN_FRAMEWORK_HEADER = YES;
				CLANG_WARN_RANGE_LOOP_ANALYSIS = YES;
				CLANG_WARN_STRICT_PROTOTYPES = YES;
				CLANG_WARN_SUSPICIOUS_MOVE = YES;
				CLANG_WARN_UNGUARDED_AVAILABILITY = YES_AGGRESSIVE;
				CLANG_WARN_UNREACHABLE_CODE = YES;
				CLANG_WARN__DUPLICATE_METHOD_MATCH = YES;
				COPY_PHASE_STRIP = NO;
				DEBUG_INFORMATION_FORMAT = "dwarf-with-dsym";
				ENABLE_NS_ASSERTIONS = NO;
				ENABLE_STRICT_OBJC_MSGSEND = YES;
				ENABLE_USER_SCRIPT_SANDBOXING = YES;
				GCC_C_LANGUAGE_STANDARD = gnu17;
				GCC_NO_COMMON_BLOCKS = YES;
				GCC_WARN_64_TO_32_BIT_CONVERSION = YES;
				GCC_WARN_ABOUT_RETURN_TYPE = YES_ERROR;
				GCC_WARN_UNDECLARED_SELECTOR = YES;
				GCC_WARN_UNINITIALIZED_AUTOS = YES_AGGRESSIVE;
				GCC_WARN_UNUSED_FUNCTION = YES;
				GCC_WARN_UNUSED_VARIABLE = YES;
				IPHONEOS_DEPLOYMENT_TARGET = 17.0;
				LOCALIZATION_PREFERS_STRING_CATALOGS = YES;
				MTL_ENABLE_DEBUG_INFO = NO;
				MTL_FAST_MATH = YES;
				SDKROOT = iphoneos;
				SWIFT_COMPILATION_MODE = wholemodule;
				VALIDATE_PRODUCT = YES;
			};
			name = Release;
		};
		18927BE72E3F2AC300978D75 /* Debug */ = {
			isa = XCBuildConfiguration;
			buildSettings = {
				ASSETCATALOG_COMPILER_APPICON_NAME = AppIcon;
				ASSETCATALOG_COMPILER_GLOBAL_ACCENT_COLOR_NAME = AccentColor;
				CODE_SIGN_STYLE = Automatic;
				CURRENT_PROJECT_VERSION = 1;
				GENERATE_INFOPLIST_FILE = YES;
				INFOPLIST_FILE = StickyTableDemo/Info.plist;
				INFOPLIST_KEY_UIApplicationSupportsIndirectInputEvents = YES;
				INFOPLIST_KEY_UILaunchStoryboardName = LaunchScreen;
				INFOPLIST_KEY_UIMainStoryboardFile = Main;
				INFOPLIST_KEY_UISupportedInterfaceOrientations_iPad = "UIInterfaceOrientationPortrait UIInterfaceOrientationPortraitUpsideDown UIInterfaceOrientationLandscapeLeft UIInterfaceOrientationLandscapeRight";
				INFOPLIST_KEY_UISupportedInterfaceOrientations_iPhone = "UIInterfaceOrientationPortrait UIInterfaceOrientationLandscapeLeft UIInterfaceOrientationLandscapeRight";
				LD_RUNPATH_SEARCH_PATHS = (
					"$(inherited)",
					"@executable_path/Frameworks",
				);
				MARKETING_VERSION = 1.0;
				PRODUCT_BUNDLE_IDENTIFIER = com.bhoopendra.StickyTableDemo;
				PRODUCT_NAME = "$(TARGET_NAME)";
				SWIFT_EMIT_LOC_STRINGS = YES;
				SWIFT_VERSION = 5.0;
				TARGETED_DEVICE_FAMILY = "1,2";
			};
			name = Debug;
		};
		18927BE82E3F2AC300978D75 /* Release */ = {
			isa = XCBuildConfiguration;
			buildSettings = {
				ASSETCATALOG_COMPILER_APPICON_NAME = AppIcon;
				ASSETCATALOG_COMPILER_GLOBAL_ACCENT_COLOR_NAME = AccentColor;
				CODE_SIGN_STYLE = Automatic;
				CURRENT_PROJECT_VERSION = 1;
				GENERATE_INFOPLIST_FILE = YES;
				INFOPLIST_FILE = StickyTableDemo/Info.plist;
				INFOPLIST_KEY_UIApplicationSupportsIndirectInputEvents = YES;
				INFOPLIST_KEY_UILaunchStoryboardName = LaunchScreen;
				INFOPLIST_KEY_UIMainStoryboardFile = Main;
				INFOPLIST_KEY_UISupportedInterfaceOrientations_iPad = "UIInterfaceOrientationPortrait UIInterfaceOrientationPortraitUpsideDown UIInterfaceOrientationLandscapeLeft UIInterfaceOrientationLandscapeRight";
				INFOPLIST_KEY_UISupportedInterfaceOrientations_iPhone = "UIInterfaceOrientationPortrait UIInterfaceOrientationLandscapeLeft UIInterfaceOrientationLandscapeRight";
				LD_RUNPATH_SEARCH_PATHS = (
					"$(inherited)",
					"@executable_path/Frameworks",
				);
				MARKETING_VERSION = 1.0;
				PRODUCT_BUNDLE_IDENTIFIER = com.bhoopendra.StickyTableDemo;
				PRODUCT_NAME = "$(TARGET_NAME)";
				SWIFT_EMIT_LOC_STRINGS = YES;
				SWIFT_VERSION = 5.0;
				TARGETED_DEVICE_FAMILY = "1,2";
			};
			name = Release;
		};
/* End XCBuildConfiguration section */

/* Begin XCConfigurationList section */
		18927BCD2E3F2AC000978D75 /* Build configuration list for PBXProject "StickyTableDemo" */ = {
			isa = XCConfigurationList;
			buildConfigurations = (
				18927BE42E3F2AC300978D75 /* Debug */,
				18927BE52E3F2AC300978D75 /* Release */,
			);
			defaultConfigurationIsVisible = 0;
			defaultConfigurationName = Release;
		};
		18927BE62E3F2AC300978D75 /* Build configuration list for PBXNativeTarget "StickyTableDemo" */ = {
			isa = XCConfigurationList;
			buildConfigurations = (
				18927BE72E3F2AC300978D75 /* Debug */,
				18927BE82E3F2AC300978D75 /* Release */,
			);
			defaultConfigurationIsVisible = 0;
			defaultConfigurationName = Release;
		};
/* End XCConfigurationList section */
	};
	rootObject = 18927BCA2E3F2AC000978D75 /* Project object */;
}
